{
  "version": 4,
  "terraform_version": "0.14.9",
  "serial": 12,
  "lineage": "651ace79-c039-1d7a-c7cd-68d0c7a81d54",
  "outputs": {
    "tls_private_key": {
      "value": "-----BEGIN RSA PRIVATE KEY-----\nMIIJKQIBAAKCAgEA4HlXeWJZ0W0g0DSea1t216sGAQXRIZ+Kg/2hAyfXVONaPcKe\nRvnWuybLYHpiNE2+JpCKScQgvhfQa2RopyTTfhtocvuL8dmY9P3hVhqo6STBCRE8\nAmaweIOhJmfaglLl5t/jimdYoPnnwd843isOg+aheZUQzW9tqTtU1rI4lnLDioQG\nDu/Zm5dyZx0ugMI7p/r3etheefPFLhxbxE+shr78oNUi0H5o3qhbA0U8oSDGTCAH\nYbW+JTin95+1gTSO9/ReCIBUlufYyCdyqjw6XC+hwvorwnnMy2WRtEKZ2ivnv41E\n9QoSHKL6ggSKwXB3hxLB0qVAR/o9QQ98dAlAIRZQrYFGgUCkDGprNTSMOivODqbO\ni1PXu5jHp976okq4s6qVV9ofuXbgibl9NnBee22LqFslvbKzjnqWSIyyhhclplYG\nbars4jSQ2R2uztSM+EXbsjbVUh0Ka4eqF0JoOUgNScfWkvWeWA4mMpo1Zgzvjps0\nUKbW3hp1WcJQYUc83+ra7Dx8pUUiUncSotA5OcxH33NoREML8t3UdPNgEE1XQ/M+\n/IGPYi989h50ZM11gEKcx1DAtVZVSMNm8fltsRBTl4u8RHuVbWeRkcc7KKO4lQb2\nWEr6mxbHQQcZQHBCiEr6SXx5u/BEuD46AOsJkvd8fTYX2tNFZoDpQ4KDIg8CAwEA\nAQKCAgEA0e8p7BAbSE3zXkWX03fbEaCVIOe7yuJWvVK6/ySHspBemVwmguKt/KIv\nmq9aoOgEajTL4GlY5e+HsKhbZ9Z9JXekm8S+ARYsgxPdZpXQWxtQnZZMtUIs0Mjq\nMez24uN8uAuz1oEI1qRiJ2MI4F8MWDed1QOgj0EjIh6nHZPYcHwsfKM0t0uCDI37\nJIyaLTl6aYPBaFZrJUriollLSbHp/KspwZET2kIe+f4iAFEEfv0T96YMwUkj59Ow\n41mueoQZIbSdLP44Hln+2FJsXuGtAwJZGuy1eFBJRABd4GRZVz2wo+kPEMy2W6ng\n9zAgRQFWCDF2q/Z4w9g46Vv+XNc57PcwpXYKzdYOv6jZ63LwqnAc4isA4Wy/N9dk\nAxeqpDPER9ny+3ueSiSJ+Zd5+hpcVKTHGr+VKqeH0UP5M8ZuZGdDeGTvT/jwrofA\nPFfQZywAoutQMc7eiTh/OK+pLP2fvhEoJ8tsX1/Aus85ACr6Icd15NNm0QHORKc7\nQ2kjWY7earhOmAqKoPIJvj+oL/5VYUjH7rqOiFYBCEXIc5iqxsb/l+85P4avWQRM\nbVNpSm5VoMpk9kzy4Xs2jUS9rUl/qNkgeeU4E81vppxOOtzq6ALOmMdO71TqIbmh\niYN5zAV2VOoDb03nBWHakTKzDU7Y5AREaieT8Eo6CYF1XxldqiECggEBAPhsrucB\nQsa+71LZ2tFHH7AJBXIR2QKq5a+e7nMmX2GikoEZmdOG5Bu8BKlMLuudIQU870vs\negCiRTt6IjB2hNYG4QFXrn8AZ8WsSYN48hQhIVYZd1XOmqGrj/cQNsxQciFuxNzA\nb29XpkE/wOHAqcuj/LsLjBAq8or/byL3UauzRTgND3KlWJo3W3Rha/29v4vzJ9Lq\nFbsxQRcLacwi8d5BnhPQAZw3KG2KJbXSszZfCoFtt/m34HjqDmDLzKbgmu2Wf8ta\nChuS5lNC7JsGFVQdAtYhYT0fTC8GkMqjhoLmVYYw5oyK9AyYXQfYKK/MGwCGKcX3\ndmb7y1im2RXrjPsCggEBAOdRsHyQglpMvUvalAXk/+IAiVTvbwPNgOUmaItdU05+\n0Q9O+n5x6mlgXyp5Kch1TrU+b4VoosnUxTZyCocyDW1CqKBqj+PUqAqOZyvkPJBo\nCPDIEp6IAtnQF5jyXt7s+eLQM5uHCEquol0ID6JkrUdtkTOx/y1WZ2cHvXZFUZ+/\nbWUHKmuz//rqfvLk35W68t29BUUvMjQ2uSp48eND3uxtNpwVQKF8YXAg86k1qLyx\n2sf+MHY4q4GuWruTInxZDSTjZ+MxUpf/PHdoumklkUpmpTH8YeD1huyvLuMUrYzr\nBAm8EMilI8YRnu/cfXRvdd8aWkVqOH3R74M3b9v1Cv0CggEAfUh6UF+vaIHEOjlK\nBD7lOSbjiyp7EcBUA2SYhpP0iE2vqtHZZPbjNSV2CFc2Vnawv26Ck/yXbphnZ95p\nPZ2X0kQ31zB7/OqcavE/RcGJ/CLVKBHBwBFopF3cRdH0gMeVN00glN+rkzBV1RQs\n1u0N9HgoLcBeC41NMlItnymxE3FeWC0l/EBs1aFTSvcSui2mWxLuo4yQFw548AE+\ngsegyOC4su800K50ggGokPDIloQJzUoi/RoBZ5lKVQCSnhopp+Y9XrVy4YMNCzJ2\nFpxTx062Ln05B9Uv24tpG/iqDnvQ59Ljgj9VYsC4MguOQVIiz/nZOVBacwdK/tNu\nKYLYXwKCAQACGaDDkMBON5IkZSig4RJdp+mXRtE4NJ5t9ipO0ZsXBFm7jNkDWt9o\n84IJra3ubvo29QkoKeoIcREVTHXCAndSvZ8wTadexyh7aA2RvXG7UeZ64SYiIFP+\nTEBamCC6X2ZpY8CEMfamTu2UcKVLsSRNmLYPxRbu/3DS46QZtclm7OL+XtFIxwqU\n6ZobdG5/OoJH9xZcKXCIPtLxisWPbadReDBdvGeoz6tGzFXJ/H26sNauqCUifaM4\n+y9BsrVGcbyH0DS6QFFipeOTpfTDTZ8DEOmBCayN0UzXS0PetepZdCzGNdnlKHKp\nsrFBtjvBWd21F9Un+i3nHofRJiiy04e1AoIBAQDEvw6UzKkOJKH7hv326m5vD8+h\nAm8h5JvFA33EVMY2KtOArLHv0dcvJMjcMakuopS2y/pqoPP7X+Z8+B6fm8eEROHg\nUPRzNYCOC7ha1Vo6bzDo5oxP+BIrcanJeyeBwdO/zMX3WkzDm5Ru5phW2Ebo0OMy\n20GiBrlt5EkFnzjVF4/6MfjeuLujyD/FqzTTPEYE8UyOEZF04VGocLNWtOH7W72Q\nAYrrchfFYOWNQUpTHqyiFSSc9YCAbTbDwpbNhfalKXqPoy3vgu2tNXi+aiCZgzcl\nJ60QoPjKzcilG26HJHhHsXZj+jowWE07SWz36eoaogvVAZr8Qp8Fzrg7wDFM\n-----END RSA PRIVATE KEY-----\n",
      "type": "string"
    },
    "vm_id": {
      "value": "/subscriptions/acfa166b-019b-4a9a-acfc-ed2b7ceda712/resourceGroups/my_terraform_rg/providers/Microsoft.Compute/virtualMachines/linuxvm019",
      "type": "string"
    },
    "vm_ip": {
      "value": "40.74.49.143",
      "type": "string"
    }
  },
  "resources": [
    {
      "mode": "managed",
      "type": "azurerm_linux_virtual_machine",
      "name": "linuxvm",
      "provider": "provider[\"registry.terraform.io/hashicorp/azurerm\"]",
      "instances": [
        {
          "schema_version": 0,
          "attributes": {
            "additional_capabilities": [],
            "admin_password": null,
            "admin_ssh_key": [
              {
                "public_key": "ssh-rsa AAAAB3NzaC1yc2EAAAADAQABAAACAQDgeVd5YlnRbSDQNJ5rW3bXqwYBBdEhn4qD/aEDJ9dU41o9wp5G+da7JstgemI0Tb4mkIpJxCC+F9BrZGinJNN+G2hy+4vx2Zj0/eFWGqjpJMEJETwCZrB4g6EmZ9qCUuXm3+OKZ1ig+efB3zjeKw6D5qF5lRDNb22pO1TWsjiWcsOKhAYO79mbl3JnHS6Awjun+vd62F5588UuHFvET6yGvvyg1SLQfmjeqFsDRTyhIMZMIAdhtb4lOKf3n7WBNI739F4IgFSW59jIJ3KqPDpcL6HC+ivCeczLZZG0QpnaK+e/jUT1ChIcovqCBIrBcHeHEsHSpUBH+j1BD3x0CUAhFlCtgUaBQKQMams1NIw6K84Ops6LU9e7mMen3vqiSrizqpVX2h+5duCJuX02cF57bYuoWyW9srOOepZIjLKGFyWmVgZtquziNJDZHa7O1Iz4RduyNtVSHQprh6oXQmg5SA1Jx9aS9Z5YDiYymjVmDO+OmzRQptbeGnVZwlBhRzzf6trsPHylRSJSdxKi0Dk5zEffc2hEQwvy3dR082AQTVdD8z78gY9iL3z2HnRkzXWAQpzHUMC1VlVIw2bx+W2xEFOXi7xEe5VtZ5GRxzsoo7iVBvZYSvqbFsdBBxlAcEKISvpJfHm78ES4PjoA6wmS93x9Nhfa00VmgOlDgoMiDw==\n",
                "username": "azureuser"
              }
            ],
            "admin_username": "azureuser",
            "allow_extension_operations": true,
            "availability_set_id": "",
            "boot_diagnostics": [
              {
                "storage_account_uri": "https://diagfff42aa4a24066bd.blob.core.windows.net/"
              }
            ],
            "computer_name": "myvm",
            "custom_data": null,
            "dedicated_host_id": "",
            "disable_password_authentication": true,
            "encryption_at_host_enabled": false,
            "eviction_policy": "",
            "extensions_time_budget": "PT1H30M",
            "id": "/subscriptions/acfa166b-019b-4a9a-acfc-ed2b7ceda712/resourceGroups/my_terraform_rg/providers/Microsoft.Compute/virtualMachines/linuxvm019",
            "identity": [],
            "location": "westeurope",
            "max_bid_price": -1,
            "name": "linuxvm019",
            "network_interface_ids": [
              "/subscriptions/acfa166b-019b-4a9a-acfc-ed2b7ceda712/resourceGroups/my_terraform_rg/providers/Microsoft.Network/networkInterfaces/nicprod019"
            ],
            "os_disk": [
              {
                "caching": "ReadWrite",
                "diff_disk_settings": [],
                "disk_encryption_set_id": "",
                "disk_size_gb": 30,
                "name": "myOsDisk",
                "storage_account_type": "Premium_LRS",
                "write_accelerator_enabled": false
              }
            ],
            "plan": [],
            "priority": "Regular",
            "private_ip_address": "10.0.1.4",
            "private_ip_addresses": [
              "10.0.1.4"
            ],
            "provision_vm_agent": true,
            "proximity_placement_group_id": "",
            "public_ip_address": "40.74.49.143",
            "public_ip_addresses": [
              "40.74.49.143"
            ],
            "resource_group_name": "my_terraform_rg",
            "secret": [],
            "size": "Standard_DS1_v2",
            "source_image_id": "",
            "source_image_reference": [
              {
                "offer": "UbuntuServer",
                "publisher": "Canonical",
                "sku": "18.04-LTS",
                "version": "latest"
              }
            ],
            "tags": {
              "environment": "production"
            },
            "timeouts": null,
            "virtual_machine_id": "7a41369d-1f43-409d-a568-74f086481d91",
            "virtual_machine_scale_set_id": "",
            "zone": ""
          },
          "sensitive_attributes": [],
          "private": "eyJlMmJmYjczMC1lY2FhLTExZTYtOGY4OC0zNDM2M2JjN2M0YzAiOnsiY3JlYXRlIjoyNzAwMDAwMDAwMDAwLCJkZWxldGUiOjI3MDAwMDAwMDAwMDAsInJlYWQiOjMwMDAwMDAwMDAwMCwidXBkYXRlIjoyNzAwMDAwMDAwMDAwfX0=",
          "dependencies": [
            "azurerm_network_interface.nic",
            "azurerm_public_ip.public_ip",
            "azurerm_resource_group.rg",
            "azurerm_storage_account.storage",
            "azurerm_subnet.subnet",
            "azurerm_virtual_network.vnet",
            "random_id.randomId",
            "tls_private_key.example_ssh"
          ]
        }
      ]
    },
    {
      "mode": "managed",
      "type": "azurerm_network_interface",
      "name": "nic",
      "provider": "provider[\"registry.terraform.io/hashicorp/azurerm\"]",
      "instances": [
        {
          "schema_version": 0,
          "attributes": {
            "applied_dns_servers": [],
            "dns_servers": [],
            "enable_accelerated_networking": false,
            "enable_ip_forwarding": false,
            "id": "/subscriptions/acfa166b-019b-4a9a-acfc-ed2b7ceda712/resourceGroups/my_terraform_rg/providers/Microsoft.Network/networkInterfaces/nicprod019",
            "internal_dns_name_label": "",
            "internal_domain_name_suffix": "4xwwowp23sxuzicfqfxd1jdkra.ax.internal.cloudapp.net",
            "ip_configuration": [
              {
                "name": "myNicConfiguration",
                "primary": true,
                "private_ip_address": "10.0.1.4",
                "private_ip_address_allocation": "Dynamic",
                "private_ip_address_version": "IPv4",
                "public_ip_address_id": "/subscriptions/acfa166b-019b-4a9a-acfc-ed2b7ceda712/resourceGroups/my_terraform_rg/providers/Microsoft.Network/publicIPAddresses/publicip019",
                "subnet_id": "/subscriptions/acfa166b-019b-4a9a-acfc-ed2b7ceda712/resourceGroups/my_terraform_rg/providers/Microsoft.Network/virtualNetworks/vnetprod019/subnets/subnet019"
              }
            ],
            "location": "westeurope",
            "mac_address": "",
            "name": "nicprod019",
            "private_ip_address": "10.0.1.4",
            "private_ip_addresses": [
              "10.0.1.4"
            ],
            "resource_group_name": "my_terraform_rg",
            "tags": {
              "environment": "production"
            },
            "timeouts": null,
            "virtual_machine_id": ""
          },
          "sensitive_attributes": [],
          "private": "eyJlMmJmYjczMC1lY2FhLTExZTYtOGY4OC0zNDM2M2JjN2M0YzAiOnsiY3JlYXRlIjoxODAwMDAwMDAwMDAwLCJkZWxldGUiOjE4MDAwMDAwMDAwMDAsInJlYWQiOjMwMDAwMDAwMDAwMCwidXBkYXRlIjoxODAwMDAwMDAwMDAwfX0=",
          "dependencies": [
            "azurerm_public_ip.public_ip",
            "azurerm_resource_group.rg",
            "azurerm_subnet.subnet",
            "azurerm_virtual_network.vnet"
          ]
        }
      ]
    },
    {
      "mode": "managed",
      "type": "azurerm_network_interface_security_group_association",
      "name": "association",
      "provider": "provider[\"registry.terraform.io/hashicorp/azurerm\"]",
      "instances": [
        {
          "schema_version": 0,
          "attributes": {
            "id": "/subscriptions/acfa166b-019b-4a9a-acfc-ed2b7ceda712/resourceGroups/my_terraform_rg/providers/Microsoft.Network/networkInterfaces/nicprod019|/subscriptions/acfa166b-019b-4a9a-acfc-ed2b7ceda712/resourceGroups/my_terraform_rg/providers/Microsoft.Network/networkSecurityGroups/nsgprod019",
            "network_interface_id": "/subscriptions/acfa166b-019b-4a9a-acfc-ed2b7ceda712/resourceGroups/my_terraform_rg/providers/Microsoft.Network/networkInterfaces/nicprod019",
            "network_security_group_id": "/subscriptions/acfa166b-019b-4a9a-acfc-ed2b7ceda712/resourceGroups/my_terraform_rg/providers/Microsoft.Network/networkSecurityGroups/nsgprod019",
            "timeouts": null
          },
          "sensitive_attributes": [],
          "private": "eyJlMmJmYjczMC1lY2FhLTExZTYtOGY4OC0zNDM2M2JjN2M0YzAiOnsiY3JlYXRlIjoxODAwMDAwMDAwMDAwLCJkZWxldGUiOjE4MDAwMDAwMDAwMDAsInJlYWQiOjMwMDAwMDAwMDAwMCwidXBkYXRlIjoxODAwMDAwMDAwMDAwfX0=",
          "dependencies": [
            "azurerm_network_interface.nic",
            "azurerm_network_security_group.nsg",
            "azurerm_public_ip.public_ip",
            "azurerm_resource_group.rg",
            "azurerm_subnet.subnet",
            "azurerm_virtual_network.vnet"
          ]
        }
      ]
    },
    {
      "mode": "managed",
      "type": "azurerm_network_security_group",
      "name": "nsg",
      "provider": "provider[\"registry.terraform.io/hashicorp/azurerm\"]",
      "instances": [
        {
          "schema_version": 0,
          "attributes": {
            "id": "/subscriptions/acfa166b-019b-4a9a-acfc-ed2b7ceda712/resourceGroups/my_terraform_rg/providers/Microsoft.Network/networkSecurityGroups/nsgprod019",
            "location": "westeurope",
            "name": "nsgprod019",
            "resource_group_name": "my_terraform_rg",
            "security_rule": [
              {
                "access": "Allow",
                "description": "",
                "destination_address_prefix": "*",
                "destination_address_prefixes": [],
                "destination_application_security_group_ids": [],
                "destination_port_range": "22",
                "destination_port_ranges": [],
                "direction": "Inbound",
                "name": "SSH",
                "priority": 1001,
                "protocol": "Tcp",
                "source_address_prefix": "*",
                "source_address_prefixes": [],
                "source_application_security_group_ids": [],
                "source_port_range": "*",
                "source_port_ranges": []
              }
            ],
            "tags": {
              "environment": "production"
            },
            "timeouts": null
          },
          "sensitive_attributes": [],
          "private": "eyJlMmJmYjczMC1lY2FhLTExZTYtOGY4OC0zNDM2M2JjN2M0YzAiOnsiY3JlYXRlIjoxODAwMDAwMDAwMDAwLCJkZWxldGUiOjE4MDAwMDAwMDAwMDAsInJlYWQiOjMwMDAwMDAwMDAwMCwidXBkYXRlIjoxODAwMDAwMDAwMDAwfX0=",
          "dependencies": [
            "azurerm_resource_group.rg"
          ]
        }
      ]
    },
    {
      "mode": "managed",
      "type": "azurerm_public_ip",
      "name": "public_ip",
      "provider": "provider[\"registry.terraform.io/hashicorp/azurerm\"]",
      "instances": [
        {
          "schema_version": 0,
          "attributes": {
            "allocation_method": "Dynamic",
            "domain_name_label": null,
            "fqdn": null,
            "id": "/subscriptions/acfa166b-019b-4a9a-acfc-ed2b7ceda712/resourceGroups/my_terraform_rg/providers/Microsoft.Network/publicIPAddresses/publicip019",
            "idle_timeout_in_minutes": 4,
            "ip_address": "",
            "ip_version": "IPv4",
            "location": "westeurope",
            "name": "publicip019",
            "public_ip_prefix_id": null,
            "resource_group_name": "my_terraform_rg",
            "reverse_fqdn": null,
            "sku": "Basic",
            "tags": {
              "environment": "production"
            },
            "timeouts": null,
            "zones": null
          },
          "sensitive_attributes": [],
          "private": "eyJlMmJmYjczMC1lY2FhLTExZTYtOGY4OC0zNDM2M2JjN2M0YzAiOnsiY3JlYXRlIjoxODAwMDAwMDAwMDAwLCJkZWxldGUiOjE4MDAwMDAwMDAwMDAsInJlYWQiOjMwMDAwMDAwMDAwMCwidXBkYXRlIjoxODAwMDAwMDAwMDAwfX0=",
          "dependencies": [
            "azurerm_resource_group.rg"
          ]
        }
      ]
    },
    {
      "mode": "managed",
      "type": "azurerm_resource_group",
      "name": "rg",
      "provider": "provider[\"registry.terraform.io/hashicorp/azurerm\"]",
      "instances": [
        {
          "schema_version": 0,
          "attributes": {
            "id": "/subscriptions/acfa166b-019b-4a9a-acfc-ed2b7ceda712/resourceGroups/my_terraform_rg",
            "location": "westeurope",
            "name": "my_terraform_rg",
            "tags": {
              "environment": "production"
            },
            "timeouts": null
          },
          "sensitive_attributes": [],
          "private": "eyJlMmJmYjczMC1lY2FhLTExZTYtOGY4OC0zNDM2M2JjN2M0YzAiOnsiY3JlYXRlIjo1NDAwMDAwMDAwMDAwLCJkZWxldGUiOjU0MDAwMDAwMDAwMDAsInJlYWQiOjMwMDAwMDAwMDAwMCwidXBkYXRlIjo1NDAwMDAwMDAwMDAwfX0="
        }
      ]
    },
    {
      "mode": "managed",
      "type": "azurerm_storage_account",
      "name": "storage",
      "provider": "provider[\"registry.terraform.io/hashicorp/azurerm\"]",
      "instances": [
        {
          "schema_version": 2,
          "attributes": {
            "access_tier": "Hot",
            "account_kind": "StorageV2",
            "account_replication_type": "LRS",
            "account_tier": "Standard",
            "allow_blob_public_access": false,
            "blob_properties": [],
            "custom_domain": [],
            "enable_https_traffic_only": true,
            "id": "/subscriptions/acfa166b-019b-4a9a-acfc-ed2b7ceda712/resourceGroups/my_terraform_rg/providers/Microsoft.Storage/storageAccounts/diagfff42aa4a24066bd",
            "identity": [],
            "is_hns_enabled": false,
            "large_file_share_enabled": null,
            "location": "westeurope",
            "min_tls_version": "TLS1_0",
            "name": "diagfff42aa4a24066bd",
            "network_rules": [
              {
                "bypass": [
                  "AzureServices"
                ],
                "default_action": "Allow",
                "ip_rules": [],
                "virtual_network_subnet_ids": []
              }
            ],
            "primary_access_key": "YkTZuxJBuG5Q/Lkkv0gDybpUJ+ZQ2pPfTXGJ3ArMIMqMpuIpKfk0E3a/KRzu0u1JGoHytt4oZobSQmtxy5u0nA==",
            "primary_blob_connection_string": "DefaultEndpointsProtocol=https;BlobEndpoint=https://diagfff42aa4a24066bd.blob.core.windows.net/;AccountName=diagfff42aa4a24066bd;AccountKey=YkTZuxJBuG5Q/Lkkv0gDybpUJ+ZQ2pPfTXGJ3ArMIMqMpuIpKfk0E3a/KRzu0u1JGoHytt4oZobSQmtxy5u0nA==",
            "primary_blob_endpoint": "https://diagfff42aa4a24066bd.blob.core.windows.net/",
            "primary_blob_host": "diagfff42aa4a24066bd.blob.core.windows.net",
            "primary_connection_string": "DefaultEndpointsProtocol=https;AccountName=diagfff42aa4a24066bd;AccountKey=YkTZuxJBuG5Q/Lkkv0gDybpUJ+ZQ2pPfTXGJ3ArMIMqMpuIpKfk0E3a/KRzu0u1JGoHytt4oZobSQmtxy5u0nA==;EndpointSuffix=core.windows.net",
            "primary_dfs_endpoint": "https://diagfff42aa4a24066bd.dfs.core.windows.net/",
            "primary_dfs_host": "diagfff42aa4a24066bd.dfs.core.windows.net",
            "primary_file_endpoint": "https://diagfff42aa4a24066bd.file.core.windows.net/",
            "primary_file_host": "diagfff42aa4a24066bd.file.core.windows.net",
            "primary_location": "westeurope",
            "primary_queue_endpoint": "https://diagfff42aa4a24066bd.queue.core.windows.net/",
            "primary_queue_host": "diagfff42aa4a24066bd.queue.core.windows.net",
            "primary_table_endpoint": "https://diagfff42aa4a24066bd.table.core.windows.net/",
            "primary_table_host": "diagfff42aa4a24066bd.table.core.windows.net",
            "primary_web_endpoint": "https://diagfff42aa4a24066bd.z6.web.core.windows.net/",
            "primary_web_host": "diagfff42aa4a24066bd.z6.web.core.windows.net",
            "queue_properties": [
              {
                "cors_rule": [],
                "hour_metrics": [
                  {
                    "enabled": true,
                    "include_apis": true,
                    "retention_policy_days": 7,
                    "version": "1.0"
                  }
                ],
                "logging": [
                  {
                    "delete": false,
                    "read": false,
                    "retention_policy_days": 0,
                    "version": "1.0",
                    "write": false
                  }
                ],
                "minute_metrics": [
                  {
                    "enabled": false,
                    "include_apis": false,
                    "retention_policy_days": 0,
                    "version": "1.0"
                  }
                ]
              }
            ],
            "resource_group_name": "my_terraform_rg",
            "secondary_access_key": "bTqBFY8pOM9jxh0NrTcBEz7cT2LA++oeMBh2MVY0O8X0VYNm4U0e//ep+/4+ej6j9PTsnHi6cqZsZfGRIcQ4Wg==",
            "secondary_blob_connection_string": "",
            "secondary_blob_endpoint": null,
            "secondary_blob_host": null,
            "secondary_connection_string": "DefaultEndpointsProtocol=https;AccountName=diagfff42aa4a24066bd;AccountKey=bTqBFY8pOM9jxh0NrTcBEz7cT2LA++oeMBh2MVY0O8X0VYNm4U0e//ep+/4+ej6j9PTsnHi6cqZsZfGRIcQ4Wg==;EndpointSuffix=core.windows.net",
            "secondary_dfs_endpoint": null,
            "secondary_dfs_host": null,
            "secondary_file_endpoint": null,
            "secondary_file_host": null,
            "secondary_location": "",
            "secondary_queue_endpoint": null,
            "secondary_queue_host": null,
            "secondary_table_endpoint": null,
            "secondary_table_host": null,
            "secondary_web_endpoint": null,
            "secondary_web_host": null,
            "static_website": [],
            "tags": {
              "environment": "production"
            },
            "timeouts": null
          },
          "sensitive_attributes": [],
          "private": "eyJlMmJmYjczMC1lY2FhLTExZTYtOGY4OC0zNDM2M2JjN2M0YzAiOnsiY3JlYXRlIjozNjAwMDAwMDAwMDAwLCJkZWxldGUiOjM2MDAwMDAwMDAwMDAsInJlYWQiOjMwMDAwMDAwMDAwMCwidXBkYXRlIjozNjAwMDAwMDAwMDAwfSwic2NoZW1hX3ZlcnNpb24iOiIyIn0=",
          "dependencies": [
            "azurerm_resource_group.rg",
            "random_id.randomId"
          ]
        }
      ]
    },
    {
      "mode": "managed",
      "type": "azurerm_subnet",
      "name": "subnet",
      "provider": "provider[\"registry.terraform.io/hashicorp/azurerm\"]",
      "instances": [
        {
          "schema_version": 0,
          "attributes": {
            "address_prefix": "10.0.1.0/24",
            "address_prefixes": [
              "10.0.1.0/24"
            ],
            "delegation": [],
            "enforce_private_link_endpoint_network_policies": false,
            "enforce_private_link_service_network_policies": false,
            "id": "/subscriptions/acfa166b-019b-4a9a-acfc-ed2b7ceda712/resourceGroups/my_terraform_rg/providers/Microsoft.Network/virtualNetworks/vnetprod019/subnets/subnet019",
            "name": "subnet019",
            "resource_group_name": "my_terraform_rg",
            "service_endpoints": null,
            "timeouts": null,
            "virtual_network_name": "vnetprod019"
          },
          "sensitive_attributes": [],
          "private": "eyJlMmJmYjczMC1lY2FhLTExZTYtOGY4OC0zNDM2M2JjN2M0YzAiOnsiY3JlYXRlIjoxODAwMDAwMDAwMDAwLCJkZWxldGUiOjE4MDAwMDAwMDAwMDAsInJlYWQiOjMwMDAwMDAwMDAwMCwidXBkYXRlIjoxODAwMDAwMDAwMDAwfX0=",
          "dependencies": [
            "azurerm_resource_group.rg",
            "azurerm_virtual_network.vnet"
          ]
        }
      ]
    },
    {
      "mode": "managed",
      "type": "azurerm_virtual_network",
      "name": "vnet",
      "provider": "provider[\"registry.terraform.io/hashicorp/azurerm\"]",
      "instances": [
        {
          "schema_version": 0,
          "attributes": {
            "address_space": [
              "10.0.0.0/16"
            ],
            "bgp_community": "",
            "ddos_protection_plan": [],
            "dns_servers": null,
            "guid": "5967edf5-ecfc-4caf-a045-816e3da46a88",
            "id": "/subscriptions/acfa166b-019b-4a9a-acfc-ed2b7ceda712/resourceGroups/my_terraform_rg/providers/Microsoft.Network/virtualNetworks/vnetprod019",
            "location": "westeurope",
            "name": "vnetprod019",
            "resource_group_name": "my_terraform_rg",
            "subnet": [],
            "tags": {
              "environment": "production"
            },
            "timeouts": null,
            "vm_protection_enabled": false
          },
          "sensitive_attributes": [],
          "private": "eyJlMmJmYjczMC1lY2FhLTExZTYtOGY4OC0zNDM2M2JjN2M0YzAiOnsiY3JlYXRlIjoxODAwMDAwMDAwMDAwLCJkZWxldGUiOjE4MDAwMDAwMDAwMDAsInJlYWQiOjMwMDAwMDAwMDAwMCwidXBkYXRlIjoxODAwMDAwMDAwMDAwfX0=",
          "dependencies": [
            "azurerm_resource_group.rg"
          ]
        }
      ]
    },
    {
      "mode": "managed",
      "type": "random_id",
      "name": "randomId",
      "provider": "provider[\"registry.terraform.io/hashicorp/random\"]",
      "instances": [
        {
          "schema_version": 0,
          "attributes": {
            "b64_std": "//QqpKJAZr0=",
            "b64_url": "__QqpKJAZr0",
            "byte_length": 8,
            "dec": "18443413260574156477",
            "hex": "fff42aa4a24066bd",
            "id": "__QqpKJAZr0",
            "keepers": {
              "resource_group": "my_terraform_rg"
            },
            "prefix": null
          },
          "sensitive_attributes": [],
          "private": "bnVsbA==",
          "dependencies": [
            "azurerm_resource_group.rg"
          ]
        }
      ]
    },
    {
      "mode": "managed",
      "type": "tls_private_key",
      "name": "example_ssh",
      "provider": "provider[\"registry.terraform.io/hashicorp/tls\"]",
      "instances": [
        {
          "schema_version": 0,
          "attributes": {
            "algorithm": "RSA",
            "ecdsa_curve": "P224",
            "id": "d162fc3f1c59dd65b3d8ce62319589b7fdc115e2",
            "private_key_pem": "-----BEGIN RSA PRIVATE KEY-----\nMIIJKQIBAAKCAgEA4HlXeWJZ0W0g0DSea1t216sGAQXRIZ+Kg/2hAyfXVONaPcKe\nRvnWuybLYHpiNE2+JpCKScQgvhfQa2RopyTTfhtocvuL8dmY9P3hVhqo6STBCRE8\nAmaweIOhJmfaglLl5t/jimdYoPnnwd843isOg+aheZUQzW9tqTtU1rI4lnLDioQG\nDu/Zm5dyZx0ugMI7p/r3etheefPFLhxbxE+shr78oNUi0H5o3qhbA0U8oSDGTCAH\nYbW+JTin95+1gTSO9/ReCIBUlufYyCdyqjw6XC+hwvorwnnMy2WRtEKZ2ivnv41E\n9QoSHKL6ggSKwXB3hxLB0qVAR/o9QQ98dAlAIRZQrYFGgUCkDGprNTSMOivODqbO\ni1PXu5jHp976okq4s6qVV9ofuXbgibl9NnBee22LqFslvbKzjnqWSIyyhhclplYG\nbars4jSQ2R2uztSM+EXbsjbVUh0Ka4eqF0JoOUgNScfWkvWeWA4mMpo1Zgzvjps0\nUKbW3hp1WcJQYUc83+ra7Dx8pUUiUncSotA5OcxH33NoREML8t3UdPNgEE1XQ/M+\n/IGPYi989h50ZM11gEKcx1DAtVZVSMNm8fltsRBTl4u8RHuVbWeRkcc7KKO4lQb2\nWEr6mxbHQQcZQHBCiEr6SXx5u/BEuD46AOsJkvd8fTYX2tNFZoDpQ4KDIg8CAwEA\nAQKCAgEA0e8p7BAbSE3zXkWX03fbEaCVIOe7yuJWvVK6/ySHspBemVwmguKt/KIv\nmq9aoOgEajTL4GlY5e+HsKhbZ9Z9JXekm8S+ARYsgxPdZpXQWxtQnZZMtUIs0Mjq\nMez24uN8uAuz1oEI1qRiJ2MI4F8MWDed1QOgj0EjIh6nHZPYcHwsfKM0t0uCDI37\nJIyaLTl6aYPBaFZrJUriollLSbHp/KspwZET2kIe+f4iAFEEfv0T96YMwUkj59Ow\n41mueoQZIbSdLP44Hln+2FJsXuGtAwJZGuy1eFBJRABd4GRZVz2wo+kPEMy2W6ng\n9zAgRQFWCDF2q/Z4w9g46Vv+XNc57PcwpXYKzdYOv6jZ63LwqnAc4isA4Wy/N9dk\nAxeqpDPER9ny+3ueSiSJ+Zd5+hpcVKTHGr+VKqeH0UP5M8ZuZGdDeGTvT/jwrofA\nPFfQZywAoutQMc7eiTh/OK+pLP2fvhEoJ8tsX1/Aus85ACr6Icd15NNm0QHORKc7\nQ2kjWY7earhOmAqKoPIJvj+oL/5VYUjH7rqOiFYBCEXIc5iqxsb/l+85P4avWQRM\nbVNpSm5VoMpk9kzy4Xs2jUS9rUl/qNkgeeU4E81vppxOOtzq6ALOmMdO71TqIbmh\niYN5zAV2VOoDb03nBWHakTKzDU7Y5AREaieT8Eo6CYF1XxldqiECggEBAPhsrucB\nQsa+71LZ2tFHH7AJBXIR2QKq5a+e7nMmX2GikoEZmdOG5Bu8BKlMLuudIQU870vs\negCiRTt6IjB2hNYG4QFXrn8AZ8WsSYN48hQhIVYZd1XOmqGrj/cQNsxQciFuxNzA\nb29XpkE/wOHAqcuj/LsLjBAq8or/byL3UauzRTgND3KlWJo3W3Rha/29v4vzJ9Lq\nFbsxQRcLacwi8d5BnhPQAZw3KG2KJbXSszZfCoFtt/m34HjqDmDLzKbgmu2Wf8ta\nChuS5lNC7JsGFVQdAtYhYT0fTC8GkMqjhoLmVYYw5oyK9AyYXQfYKK/MGwCGKcX3\ndmb7y1im2RXrjPsCggEBAOdRsHyQglpMvUvalAXk/+IAiVTvbwPNgOUmaItdU05+\n0Q9O+n5x6mlgXyp5Kch1TrU+b4VoosnUxTZyCocyDW1CqKBqj+PUqAqOZyvkPJBo\nCPDIEp6IAtnQF5jyXt7s+eLQM5uHCEquol0ID6JkrUdtkTOx/y1WZ2cHvXZFUZ+/\nbWUHKmuz//rqfvLk35W68t29BUUvMjQ2uSp48eND3uxtNpwVQKF8YXAg86k1qLyx\n2sf+MHY4q4GuWruTInxZDSTjZ+MxUpf/PHdoumklkUpmpTH8YeD1huyvLuMUrYzr\nBAm8EMilI8YRnu/cfXRvdd8aWkVqOH3R74M3b9v1Cv0CggEAfUh6UF+vaIHEOjlK\nBD7lOSbjiyp7EcBUA2SYhpP0iE2vqtHZZPbjNSV2CFc2Vnawv26Ck/yXbphnZ95p\nPZ2X0kQ31zB7/OqcavE/RcGJ/CLVKBHBwBFopF3cRdH0gMeVN00glN+rkzBV1RQs\n1u0N9HgoLcBeC41NMlItnymxE3FeWC0l/EBs1aFTSvcSui2mWxLuo4yQFw548AE+\ngsegyOC4su800K50ggGokPDIloQJzUoi/RoBZ5lKVQCSnhopp+Y9XrVy4YMNCzJ2\nFpxTx062Ln05B9Uv24tpG/iqDnvQ59Ljgj9VYsC4MguOQVIiz/nZOVBacwdK/tNu\nKYLYXwKCAQACGaDDkMBON5IkZSig4RJdp+mXRtE4NJ5t9ipO0ZsXBFm7jNkDWt9o\n84IJra3ubvo29QkoKeoIcREVTHXCAndSvZ8wTadexyh7aA2RvXG7UeZ64SYiIFP+\nTEBamCC6X2ZpY8CEMfamTu2UcKVLsSRNmLYPxRbu/3DS46QZtclm7OL+XtFIxwqU\n6ZobdG5/OoJH9xZcKXCIPtLxisWPbadReDBdvGeoz6tGzFXJ/H26sNauqCUifaM4\n+y9BsrVGcbyH0DS6QFFipeOTpfTDTZ8DEOmBCayN0UzXS0PetepZdCzGNdnlKHKp\nsrFBtjvBWd21F9Un+i3nHofRJiiy04e1AoIBAQDEvw6UzKkOJKH7hv326m5vD8+h\nAm8h5JvFA33EVMY2KtOArLHv0dcvJMjcMakuopS2y/pqoPP7X+Z8+B6fm8eEROHg\nUPRzNYCOC7ha1Vo6bzDo5oxP+BIrcanJeyeBwdO/zMX3WkzDm5Ru5phW2Ebo0OMy\n20GiBrlt5EkFnzjVF4/6MfjeuLujyD/FqzTTPEYE8UyOEZF04VGocLNWtOH7W72Q\nAYrrchfFYOWNQUpTHqyiFSSc9YCAbTbDwpbNhfalKXqPoy3vgu2tNXi+aiCZgzcl\nJ60QoPjKzcilG26HJHhHsXZj+jowWE07SWz36eoaogvVAZr8Qp8Fzrg7wDFM\n-----END RSA PRIVATE KEY-----\n",
            "public_key_fingerprint_md5": "b3:02:92:c1:9f:b6:e4:f7:28:91:f7:d1:76:f4:0e:20",
            "public_key_openssh": "ssh-rsa AAAAB3NzaC1yc2EAAAADAQABAAACAQDgeVd5YlnRbSDQNJ5rW3bXqwYBBdEhn4qD/aEDJ9dU41o9wp5G+da7JstgemI0Tb4mkIpJxCC+F9BrZGinJNN+G2hy+4vx2Zj0/eFWGqjpJMEJETwCZrB4g6EmZ9qCUuXm3+OKZ1ig+efB3zjeKw6D5qF5lRDNb22pO1TWsjiWcsOKhAYO79mbl3JnHS6Awjun+vd62F5588UuHFvET6yGvvyg1SLQfmjeqFsDRTyhIMZMIAdhtb4lOKf3n7WBNI739F4IgFSW59jIJ3KqPDpcL6HC+ivCeczLZZG0QpnaK+e/jUT1ChIcovqCBIrBcHeHEsHSpUBH+j1BD3x0CUAhFlCtgUaBQKQMams1NIw6K84Ops6LU9e7mMen3vqiSrizqpVX2h+5duCJuX02cF57bYuoWyW9srOOepZIjLKGFyWmVgZtquziNJDZHa7O1Iz4RduyNtVSHQprh6oXQmg5SA1Jx9aS9Z5YDiYymjVmDO+OmzRQptbeGnVZwlBhRzzf6trsPHylRSJSdxKi0Dk5zEffc2hEQwvy3dR082AQTVdD8z78gY9iL3z2HnRkzXWAQpzHUMC1VlVIw2bx+W2xEFOXi7xEe5VtZ5GRxzsoo7iVBvZYSvqbFsdBBxlAcEKISvpJfHm78ES4PjoA6wmS93x9Nhfa00VmgOlDgoMiDw==\n",
            "public_key_pem": "-----BEGIN PUBLIC KEY-----\nMIICIjANBgkqhkiG9w0BAQEFAAOCAg8AMIICCgKCAgEA4HlXeWJZ0W0g0DSea1t2\n16sGAQXRIZ+Kg/2hAyfXVONaPcKeRvnWuybLYHpiNE2+JpCKScQgvhfQa2RopyTT\nfhtocvuL8dmY9P3hVhqo6STBCRE8AmaweIOhJmfaglLl5t/jimdYoPnnwd843isO\ng+aheZUQzW9tqTtU1rI4lnLDioQGDu/Zm5dyZx0ugMI7p/r3etheefPFLhxbxE+s\nhr78oNUi0H5o3qhbA0U8oSDGTCAHYbW+JTin95+1gTSO9/ReCIBUlufYyCdyqjw6\nXC+hwvorwnnMy2WRtEKZ2ivnv41E9QoSHKL6ggSKwXB3hxLB0qVAR/o9QQ98dAlA\nIRZQrYFGgUCkDGprNTSMOivODqbOi1PXu5jHp976okq4s6qVV9ofuXbgibl9NnBe\ne22LqFslvbKzjnqWSIyyhhclplYGbars4jSQ2R2uztSM+EXbsjbVUh0Ka4eqF0Jo\nOUgNScfWkvWeWA4mMpo1Zgzvjps0UKbW3hp1WcJQYUc83+ra7Dx8pUUiUncSotA5\nOcxH33NoREML8t3UdPNgEE1XQ/M+/IGPYi989h50ZM11gEKcx1DAtVZVSMNm8flt\nsRBTl4u8RHuVbWeRkcc7KKO4lQb2WEr6mxbHQQcZQHBCiEr6SXx5u/BEuD46AOsJ\nkvd8fTYX2tNFZoDpQ4KDIg8CAwEAAQ==\n-----END PUBLIC KEY-----\n",
            "rsa_bits": 4096
          },
          "sensitive_attributes": [],
          "private": "bnVsbA=="
        }
      ]
    }
  ]
}
